
Microsoft Visual Studio Solution File, Format Version 12.00
# Visual Studio 14
VisualStudioVersion = 14.0.25420.1
MinimumVisualStudioVersion = 10.0.40219.1
Project("{FAE04EC0-301F-11D3-BF4B-00C04F79EFBC}") = "P 4-6 Diplomado_MVC_Validar_Estudiante", "P 4-5 Diplomado_MVC_Validar_Estudiante\P 4-6 Diplomado_MVC_Validar_Estudiante.csproj", "{F65E097E-20CF-4297-B266-ADCE726A736A}"
EndProject
Global
	GlobalSection(SolutionConfigurationPlatforms) = preSolution
		Debug|Any CPU = Debug|Any CPU
		Release|Any CPU = Release|Any CPU
	EndGlobalSection
	GlobalSection(ProjectConfigurationPlatforms) = postSolution
		{F65E097E-20CF-4297-B266-ADCE726A736A}.Debug|Any CPU.ActiveCfg = Debug|Any CPU
		{F65E097E-20CF-4297-B266-ADCE726A736A}.Debug|Any CPU.Build.0 = Debug|Any CPU
		{F65E097E-20CF-4297-B266-ADCE726A736A}.Release|Any CPU.ActiveCfg = Release|Any CPU
		{F65E097E-20CF-4297-B266-ADCE726A736A}.Release|Any CPU.Build.0 = Release|Any CPU
	EndGlobalSection
	GlobalSection(SolutionProperties) = preSolution
		HideSolutionNode = FALSE
	EndGlobalSection
	GlobalSection(ExtensibilityGlobals) = postSolution
		SolutionGuid = {2B56D5EE-8EB3-44C8-AC6B-90C5AE2C6653}
	EndGlobalSection
EndGlobal
